<?xml version="1.0" encoding="utf-8"?>
<Project ToolsVersion="4.0" xmlns="http://schemas.microsoft.com/developer/msbuild/2003">
  <ItemGroup>
    <Filter Include="lexer">
      <UniqueIdentifier>{21ecf981-85f1-4a92-93fc-f57b07007148}</UniqueIdentifier>
    </Filter>
    <Filter Include="common">
      <UniqueIdentifier>{6c1b6c5d-72c9-458f-a506-63abf4222529}</UniqueIdentifier>
    </Filter>
    <Filter Include="parser">
      <UniqueIdentifier>{6f884e7c-18bb-4682-864f-6713aa6dab0c}</UniqueIdentifier>
    </Filter>
    <Filter Include="utils">
      <UniqueIdentifier>{89ed77e2-0324-432f-8a9d-68af56eeafb9}</UniqueIdentifier>
    </Filter>
  </ItemGroup>
  <ItemGroup>
    <ClCompile Include="tests.cpp" />
    <ClCompile Include="lexer\lexer.cpp">
      <Filter>lexer</Filter>
    </ClCompile>
    <ClCompile Include="parser\parser.cpp">
      <Filter>parser</Filter>
    </ClCompile>
    <ClCompile Include="parser\stubLexer.cpp">
      <Filter>parser</Filter>
    </ClCompile>
    <ClCompile Include="common\symTable.cpp">
      <Filter>common</Filter>
    </ClCompile>
    <ClCompile Include="utils\ASTLispyPrinterTests.cpp" />
  </ItemGroup>
  <ItemGroup>
    <ClInclude Include="parser\stubLexer.h">
      <Filter>parser</Filter>
    </ClInclude>
  </ItemGroup>
</Project>