<?xml version="1.0" encoding="utf-8"?>
<Project ToolsVersion="4.0" xmlns="http://schemas.microsoft.com/developer/msbuild/2003">
  <ItemGroup>
    <Filter Include="include">
      <UniqueIdentifier>{8b5df4b2-3334-480e-b136-d0ee5bf9a484}</UniqueIdentifier>
    </Filter>
    <Filter Include="source">
      <UniqueIdentifier>{7599fdea-5eff-44bf-9728-bac5510d77c6}</UniqueIdentifier>
    </Filter>
    <Filter Include="include\lexer">
      <UniqueIdentifier>{05647728-a3a8-4297-8710-5c33577d3138}</UniqueIdentifier>
    </Filter>
    <Filter Include="include\common">
      <UniqueIdentifier>{7ee3dc54-4546-4cc1-a457-4d8c434edd9b}</UniqueIdentifier>
    </Filter>
    <Filter Include="source\lexer">
      <UniqueIdentifier>{552690af-0e0a-4afb-a3df-8e840f2027ed}</UniqueIdentifier>
    </Filter>
    <Filter Include="include\parser">
      <UniqueIdentifier>{f25e98af-3894-454f-87e9-954b6f1edd1d}</UniqueIdentifier>
    </Filter>
    <Filter Include="source\parser">
      <UniqueIdentifier>{078ad60b-d820-499b-aabe-c51c476a5902}</UniqueIdentifier>
    </Filter>
    <Filter Include="source\common">
      <UniqueIdentifier>{bcbceb79-f5de-49e1-9947-9f23ccd1c74a}</UniqueIdentifier>
    </Filter>
    <Filter Include="include\utils">
      <UniqueIdentifier>{0edd6eaf-0904-4647-ac0a-071c21a52df0}</UniqueIdentifier>
    </Filter>
  </ItemGroup>
  <ItemGroup>
    <ClCompile Include="source\lexer\gplcLexer.cpp">
      <Filter>source\lexer</Filter>
    </ClCompile>
    <ClCompile Include="source\lexer\gplcTokens.cpp">
      <Filter>source\lexer</Filter>
    </ClCompile>
    <ClCompile Include="source\parser\gplcParser.cpp">
      <Filter>source\parser</Filter>
    </ClCompile>
    <ClCompile Include="source\parser\gplcASTNodes.cpp">
      <Filter>source\parser</Filter>
    </ClCompile>
    <ClCompile Include="source\common\gplcTypeSystem.cpp">
      <Filter>source\common</Filter>
    </ClCompile>
    <ClCompile Include="source\common\gplcSymTable.cpp">
      <Filter>source\common</Filter>
    </ClCompile>
  </ItemGroup>
  <ItemGroup>
    <ClInclude Include="include\gplc.h">
      <Filter>include</Filter>
    </ClInclude>
    <ClInclude Include="include\lexer\gplcLexer.h">
      <Filter>include\lexer</Filter>
    </ClInclude>
    <ClInclude Include="include\common\gplcTypes.h">
      <Filter>include\common</Filter>
    </ClInclude>
    <ClInclude Include="include\lexer\gplcTokens.h">
      <Filter>include\lexer</Filter>
    </ClInclude>
    <ClInclude Include="include\common\gplcConstants.h">
      <Filter>include\common</Filter>
    </ClInclude>
    <ClInclude Include="include\parser\gplcParser.h">
      <Filter>include\parser</Filter>
    </ClInclude>
    <ClInclude Include="include\parser\gplcASTNodes.h">
      <Filter>include\parser</Filter>
    </ClInclude>
    <ClInclude Include="include\common\gplcSymTable.h">
      <Filter>include\common</Filter>
    </ClInclude>
    <ClInclude Include="include\common\gplcTypeSystem.h">
      <Filter>include\common</Filter>
    </ClInclude>
    <ClInclude Include="include\utils\Callback.h">
      <Filter>include\utils</Filter>
    </ClInclude>
    <ClInclude Include="include\utils\Delegate.h">
      <Filter>include\utils</Filter>
    </ClInclude>
  </ItemGroup>
</Project>